// !$*UTF8*$!
{
	archiveVersion = 1;
	classes = {
	};
	objectVersion = 46;
	objects = {

/* Begin PBXBuildFile section */
		305ECE801A50442A0012DDCE /* AppDelegate.swift in Sources */ = {isa = PBXBuildFile; fileRef = 305ECE7F1A50442A0012DDCE /* AppDelegate.swift */; };
		305ECE821A50442A0012DDCE /* ViewController.swift in Sources */ = {isa = PBXBuildFile; fileRef = 305ECE811A50442A0012DDCE /* ViewController.swift */; };
		305ECE851A50442A0012DDCE /* Main.storyboard in Resources */ = {isa = PBXBuildFile; fileRef = 305ECE831A50442A0012DDCE /* Main.storyboard */; };
		305ECE871A50442A0012DDCE /* Images.xcassets in Resources */ = {isa = PBXBuildFile; fileRef = 305ECE861A50442A0012DDCE /* Images.xcassets */; };
		305ECE8A1A50442A0012DDCE /* LaunchScreen.xib in Resources */ = {isa = PBXBuildFile; fileRef = 305ECE881A50442A0012DDCE /* LaunchScreen.xib */; };
		305ECE961A50442A0012DDCE /* Cat_YearsTests.swift in Sources */ = {isa = PBXBuildFile; fileRef = 305ECE951A50442A0012DDCE /* Cat_YearsTests.swift */; };
		305ECEA01A504B8B0012DDCE /* milly.jpeg in Resources */ = {isa = PBXBuildFile; fileRef = 305ECE9F1A504B8B0012DDCE /* milly.jpeg */; };
/* End PBXBuildFile section */

/* Begin PBXContainerItemProxy section */
		305ECE901A50442A0012DDCE /* PBXContainerItemProxy */ = {
			isa = PBXContainerItemProxy;
			containerPortal = 305ECE721A50442A0012DDCE /* Project object */;
			proxyType = 1;
			remoteGlobalIDString = 305ECE791A50442A0012DDCE;
			remoteInfo = "Cat Years";
		};
/* End PBXContainerItemProxy section */

/* Begin PBXFileReference section */
		305ECE7A1A50442A0012DDCE /* Cat Years.app */ = {isa = PBXFileReference; explicitFileType = wrapper.application; includeInIndex = 0; path = "Cat Years.app"; sourceTree = BUILT_PRODUCTS_DIR; };
		305ECE7E1A50442A0012DDCE /* Info.plist */ = {isa = PBXFileReference; lastKnownFileType = text.plist.xml; path = Info.plist; sourceTree = "<group>"; };
		305ECE7F1A50442A0012DDCE /* AppDelegate.swift */ = {isa = PBXFileReference; lastKnownFileType = sourcecode.swift; path = AppDelegate.swift; sourceTree = "<group>"; };
		305ECE811A50442A0012DDCE /* ViewController.swift */ = {isa = PBXFileReference; lastKnownFileType = sourcecode.swift; path = ViewController.swift; sourceTree = "<group>"; };
		305ECE841A50442A0012DDCE /* Base */ = {isa = PBXFileReference; lastKnownFileType = file.storyboard; name = Base; path = Base.lproj/Main.storyboard; sourceTree = "<group>"; };
		305ECE861A50442A0012DDCE /* Images.xcassets */ = {isa = PBXFileReference; lastKnownFileType = folder.assetcatalog; path = Images.xcassets; sourceTree = "<group>"; };
		305ECE891A50442A0012DDCE /* Base */ = {isa = PBXFileReference; lastKnownFileType = file.xib; name = Base; path = Base.lproj/LaunchScreen.xib; sourceTree = "<group>"; };
		305ECE8F1A50442A0012DDCE /* Cat YearsTests.xctest */ = {isa = PBXFileReference; explicitFileType = wrapper.cfbundle; includeInIndex = 0; path = "Cat YearsTests.xctest"; sourceTree = BUILT_PRODUCTS_DIR; };
		305ECE941A50442A0012DDCE /* Info.plist */ = {isa = PBXFileReference; lastKnownFileType = text.plist.xml; path = Info.plist; sourceTree = "<group>"; };
		305ECE951A50442A0012DDCE /* Cat_YearsTests.swift */ = {isa = PBXFileReference; lastKnownFileType = sourcecode.swift; path = Cat_YearsTests.swift; sourceTree = "<group>"; };
		305ECE9F1A504B8B0012DDCE /* milly.jpeg */ = {isa = PBXFileReference; lastKnownFileType = image.jpeg; path = milly.jpeg; sourceTree = "<group>"; };
/* End PBXFileReference section */

/* Begin PBXFrameworksBuildPhase section */
		305ECE771A50442A0012DDCE /* Frameworks */ = {
			isa = PBXFrameworksBuildPhase;
			buildActionMask = 2147483647;
			files = (
			);
			runOnlyForDeploymentPostprocessing = 0;
		};
		305ECE8C1A50442A0012DDCE /* Frameworks */ = {
			isa = PBXFrameworksBuildPhase;
			buildActionMask = 2147483647;
			files = (
			);
			runOnlyForDeploymentPostprocessing = 0;
		};
/* End PBXFrameworksBuildPhase section */

/* Begin PBXGroup section */
		305ECE711A50442A0012DDCE = {
			isa = PBXGroup;
			children = (
				305ECE7C1A50442A0012DDCE /* Cat Years */,
				305ECE921A50442A0012DDCE /* Cat YearsTests */,
				305ECE7B1A50442A0012DDCE /* Products */,
			);
			sourceTree = "<group>";
		};
		305ECE7B1A50442A0012DDCE /* Products */ = {
			isa = PBXGroup;
			children = (
				305ECE7A1A50442A0012DDCE /* Cat Years.app */,
				305ECE8F1A50442A0012DDCE /* Cat YearsTests.xctest */,
			);
			name = Products;
			sourceTree = "<group>";
		};
		305ECE7C1A50442A0012DDCE /* Cat Years */ = {
			isa = PBXGroup;
			children = (
				305ECE7F1A50442A0012DDCE /* AppDelegate.swift */,
				305ECE811A50442A0012DDCE /* ViewController.swift */,
				305ECE831A50442A0012DDCE /* Main.storyboard */,
				305ECE861A50442A0012DDCE /* Images.xcassets */,
				305ECE881A50442A0012DDCE /* LaunchScreen.xib */,
				305ECE7D1A50442A0012DDCE /* Supporting Files */,
			);
			path = "Cat Years";
			sourceTree = "<group>";
		};
		305ECE7D1A50442A0012DDCE /* Supporting Files */ = {
			isa = PBXGroup;
			children = (
				305ECE9F1A504B8B0012DDCE /* milly.jpeg */,
				305ECE7E1A50442A0012DDCE /* Info.plist */,
			);
			name = "Supporting Files";
			sourceTree = "<group>";
		};
		305ECE921A50442A0012DDCE /* Cat YearsTests */ = {
			isa = PBXGroup;
			children = (
				305ECE951A50442A0012DDCE /* Cat_YearsTests.swift */,
				305ECE931A50442A0012DDCE /* Supporting Files */,
			);
			path = "Cat YearsTests";
			sourceTree = "<group>";
		};
		305ECE931A50442A0012DDCE /* Supporting Files */ = {
			isa = PBXGroup;
			children = (
				305ECE941A50442A0012DDCE /* Info.plist */,
			);
			name = "Supporting Files";
			sourceTree = "<group>";
		};
/* End PBXGroup section */

/* Begin PBXNativeTarget section */
		305ECE791A50442A0012DDCE /* Cat Years */ = {
			isa = PBXNativeTarget;
			buildConfigurationList = 305ECE991A50442A0012DDCE /* Build configuration list for PBXNativeTarget "Cat Years" */;
			buildPhases = (
				305ECE761A50442A0012DDCE /* Sources */,
				305ECE771A50442A0012DDCE /* Frameworks */,
				305ECE781A50442A0012DDCE /* Resources */,
			);
			buildRules = (
			);
			dependencies = (
			);
			name = "Cat Years";
			productName = "Cat Years";
			productReference = 305ECE7A1A50442A0012DDCE /* Cat Years.app */;
			productType = "com.apple.product-type.application";
		};
		305ECE8E1A50442A0012DDCE /* Cat YearsTests */ = {
			isa = PBXNativeTarget;
			buildConfigurationList = 305ECE9C1A50442A0012DDCE /* Build configuration list for PBXNativeTarget "Cat YearsTests" */;
			buildPhases = (
				305ECE8B1A50442A0012DDCE /* Sources */,
				305ECE8C1A50442A0012DDCE /* Frameworks */,
				305ECE8D1A50442A0012DDCE /* Resources */,
			);
			buildRules = (
			);
			dependencies = (
				305ECE911A50442A0012DDCE /* PBXTargetDependency */,
			);
			name = "Cat YearsTests";
			productName = "Cat YearsTests";
			productReference = 305ECE8F1A50442A0012DDCE /* Cat YearsTests.xctest */;
			productType = "com.apple.product-type.bundle.unit-test";
		};
/* End PBXNativeTarget section */

/* Begin PBXProject section */
		305ECE721A50442A0012DDCE /* Project object */ = {
			isa = PBXProject;
			attributes = {
				LastUpgradeCheck = 0610;
				ORGANIZATIONNAME = "David Nachtigall";
				TargetAttributes = {
					305ECE791A50442A0012DDCE = {
						CreatedOnToolsVersion = 6.1.1;
					};
					305ECE8E1A50442A0012DDCE = {
						CreatedOnToolsVersion = 6.1.1;
						TestTargetID = 305ECE791A50442A0012DDCE;
					};
				};
			};
			buildConfigurationList = 305ECE751A50442A0012DDCE /* Build configuration list for PBXProject "Cat Years" */;
			compatibilityVersion = "Xcode 3.2";
			developmentRegion = English;
			hasScannedForEncodings = 0;
			knownRegions = (
				en,
				Base,
			);
			mainGroup = 305ECE711A50442A0012DDCE;
			productRefGroup = 305ECE7B1A50442A0012DDCE /* Products */;
			projectDirPath = "";
			projectRoot = "";
			targets = (
				305ECE791A50442A0012DDCE /* Cat Years */,
				305ECE8E1A50442A0012DDCE /* Cat YearsTests */,
			);
		};
/* End PBXProject section */

/* Begin PBXResourcesBuildPhase section */
		305ECE781A50442A0012DDCE /* Resources */ = {
			isa = PBXResourcesBuildPhase;
			buildActionMask = 2147483647;
			files = (
				305ECE851A50442A0012DDCE /* Main.storyboard in Resources */,
				305ECEA01A504B8B0012DDCE /* milly.jpeg in Resources */,
				305ECE8A1A50442A0012DDCE /* LaunchScreen.xib in Resources */,
				305ECE871A50442A0012DDCE /* Images.xcassets in Resources */,
			);
			runOnlyForDeploymentPostprocessing = 0;
		};
		305ECE8D1A50442A0012DDCE /* Resources */ = {
			isa = PBXResourcesBuildPhase;
			buildActionMask = 2147483647;
			files = (
			);
			runOnlyForDeploymentPostprocessing = 0;
		};
/* End PBXResourcesBuildPhase section */

/* Begin PBXSourcesBuildPhase section */
		305ECE761A50442A0012DDCE /* Sources */ = {
			isa = PBXSourcesBuildPhase;
			buildActionMask = 2147483647;
			files = (
				305ECE821A50442A0012DDCE /* ViewController.swift in Sources */,
				305ECE801A50442A0012DDCE /* AppDelegate.swift in Sources */,
			);
			runOnlyForDeploymentPostprocessing = 0;
		};
		305ECE8B1A50442A0012DDCE /* Sources */ = {
			isa = PBXSourcesBuildPhase;
			buildActionMask = 2147483647;
			files = (
				305ECE961A50442A0012DDCE /* Cat_YearsTests.swift in Sources */,
			);
			runOnlyForDeploymentPostprocessing = 0;
		};
/* End PBXSourcesBuildPhase section */

/* Begin PBXTargetDependency section */
		305ECE911A50442A0012DDCE /* PBXTargetDependency */ = {
			isa = PBXTargetDependency;
			target = 305ECE791A50442A0012DDCE /* Cat Years */;
			targetProxy = 305ECE901A50442A0012DDCE /* PBXContainerItemProxy */;
		};
/* End PBXTargetDependency section */

/* Begin PBXVariantGroup section */
		305ECE831A50442A0012DDCE /* Main.storyboard */ = {
			isa = PBXVariantGroup;
			children = (
				305ECE841A50442A0012DDCE /* Base */,
			);
			name = Main.storyboard;
			sourceTree = "<group>";
		};
		305ECE881A50442A0012DDCE /* LaunchScreen.xib */ = {
			isa = PBXVariantGroup;
			children = (
				305ECE891A50442A0012DDCE /* Base */,
			);
			name = LaunchScreen.xib;
			sourceTree = "<group>";
		};
/* End PBXVariantGroup section */

/* Begin XCBuildConfiguration section */
		305ECE971A50442A0012DDCE /* Debug */ = {
			isa = XCBuildConfiguration;
			buildSettings = {
				ALWAYS_SEARCH_USER_PATHS = NO;
				CLANG_CXX_LANGUAGE_STANDARD = "gnu++0x";
				CLANG_CXX_LIBRARY = "libc++";
				CLANG_ENABLE_MODULES = YES;
				CLANG_ENABLE_OBJC_ARC = YES;
				CLANG_WARN_BOOL_CONVERSION = YES;
				CLANG_WARN_CONSTANT_CONVERSION = YES;
				CLANG_WARN_DIRECT_OBJC_ISA_USAGE = YES_ERROR;
				CLANG_WARN_EMPTY_BODY = YES;
				CLANG_WARN_ENUM_CONVERSION = YES;
				CLANG_WARN_INT_CONVERSION = YES;
				CLANG_WARN_OBJC_ROOT_CLASS = YES_ERROR;
				CLANG_WARN_UNREACHABLE_CODE = YES;
				CLANG_WARN__DUPLICATE_METHOD_MATCH = YES;
				"CODE_SIGN_IDENTITY[sdk=iphoneos*]" = "iPhone Developer";
				COPY_PHASE_STRIP = NO;
				ENABLE_STRICT_OBJC_MSGSEND = YES;
				GCC_C_LANGUAGE_STANDARD = gnu99;
				GCC_DYNAMIC_NO_PIC = NO;
				GCC_OPTIMIZATION_LEVEL = 0;
				GCC_PREPROCESSOR_DEFINITIONS = (
					"DEBUG=1",
					"$(inherited)",
				);
				GCC_SYMBOLS_PRIVATE_EXTERN = NO;
				GCC_WARN_64_TO_32_BIT_CONVERSION = YES;
				GCC_WARN_ABOUT_RETURN_TYPE = YES_ERROR;
				GCC_WARN_UNDECLARED_SELECTOR = YES;
				GCC_WARN_UNINITIALIZED_AUTOS = YES_AGGRESSIVE;
				GCC_WARN_UNUSED_FUNCTION = YES;
				GCC_WARN_UNUSED_VARIABLE = YES;
				IPHONEOS_DEPLOYMENT_TARGET = 8.1;
				MTL_ENABLE_DEBUG_INFO = YES;
				ONLY_ACTIVE_ARCH = YES;
				SDKROOT = iphoneos;
				SWIFT_OPTIMIZATION_LEVEL = "-Onone";
				TARGETED_DEVICE_FAMILY = "1,2";
			};
			name = Debug;
		};
		305ECE981A50442A0012DDCE /* Release */ = {
			isa = XCBuildConfiguration;
			buildSettings = {
				ALWAYS_SEARCH_USER_PATHS = NO;
				CLANG_CXX_LANGUAGE_STANDARD = "gnu++0x";
				CLANG_CXX_LIBRARY = "libc++";
				CLANG_ENABLE_MODULES = YES;
				CLANG_ENABLE_OBJC_ARC = YES;
				CLANG_WARN_BOOL_CONVERSION = YES;
				CLANG_WARN_CONSTANT_CONVERSION = YES;
				CLANG_WARN_DIRECT_OBJC_ISA_USAGE = YES_ERROR;
				CLANG_WARN_EMPTY_BODY = YES;
				CLANG_WARN_ENUM_CONVERSION = YES;
				CLANG_WARN_INT_CONVERSION = YES;
				CLANG_WARN_OBJC_ROOT_CLASS = YES_ERROR;
				CLANG_WARN_UNREACHABLE_CODE = YES;
				CLANG_WARN__DUPLICATE_METHOD_MATCH = YES;
				"CODE_SIGN_IDENTITY[sdk=iphoneos*]" = "iPhone Developer";
				COPY_PHASE_STRIP = YES;
				ENABLE_NS_ASSERTIONS = NO;
				ENABLE_STRICT_OBJC_MSGSEND = YES;
				GCC_C_LANGUAGE_STANDARD = gnu99;
				GCC_WARN_64_TO_32_BIT_CONVERSION = YES;
				GCC_WARN_ABOUT_RETURN_TYPE = YES_ERROR;
				GCC_WARN_UNDECLARED_SELECTOR = YES;
				GCC_WARN_UNINITIALIZED_AUTOS = YES_AGGRESSIVE;
				GCC_WARN_UNUSED_FUNCTION = YES;
				GCC_WARN_UNUSED_VARIABLE = YES;
				IPHONEOS_DEPLOYMENT_TARGET = 8.1;
				MTL_ENABLE_DEBUG_INFO = NO;
				SDKROOT = iphoneos;
				TARGETED_DEVICE_FAMILY = "1,2";
				VALIDATE_PRODUCT = YES;
			};
			name = Release;
		};
		305ECE9A1A50442A0012DDCE /* Debug */ = {
			isa = XCBuildConfiguration;
			buildSettings = {
				ASSETCATALOG_COMPILER_APPICON_NAME = AppIcon;
				INFOPLIST_FILE = "Cat Years/Info.plist";
				LD_RUNPATH_SEARCH_PATHS = "$(inherited) @executable_path/Frameworks";
				PRODUCT_NAME = "$(TARGET_NAME)";
			};
			name = Debug;
		};
		305ECE9B1A50442A0012DDCE /* Release */ = {
			isa = XCBuildConfiguration;
			buildSettings = {
				ASSETCATALOG_COMPILER_APPICON_NAME = AppIcon;
				INFOPLIST_FILE = "Cat Years/Info.plist";
				LD_RUNPATH_SEARCH_PATHS = "$(inherited) @executable_path/Frameworks";
				PRODUCT_NAME = "$(TARGET_NAME)";
			};
			name = Release;
		};
		305ECE9D1A50442A0012DDCE /* Debug */ = {
			isa = XCBuildConfiguration;
			buildSettings = {
				BUNDLE_LOADER = "$(TEST_HOST)";
				FRAMEWORK_SEARCH_PATHS = (
					"$(SDKROOT)/Developer/Library/Frameworks",
					"$(inherited)",
				);
				GCC_PREPROCESSOR_DEFINITIONS = (
					"DEBUG=1",
					"$(inherited)",
				);
				INFOPLIST_FILE = "Cat YearsTests/Info.plist";
				LD_RUNPATH_SEARCH_PATHS = "$(inherited) @executable_path/Frameworks @loader_path/Frameworks";
				PRODUCT_NAME = "$(TARGET_NAME)";
				TEST_HOST = "$(BUILT_PRODUCTS_DIR)/Cat Years.app/Cat Years";
			};
			name = Debug;
		};
		305ECE9E1A50442A0012DDCE /* Release */ = {
			isa = XCBuildConfiguration;
			buildSettings = {
				BUNDLE_LOADER = "$(TEST_HOST)";
				FRAMEWORK_SEARCH_PATHS = (
					"$(SDKROOT)/Developer/Library/Frameworks",
					"$(inherited)",
				);
				INFOPLIST_FILE = "Cat YearsTests/Info.plist";
				LD_RUNPATH_SEARCH_PATHS = "$(inherited) @executable_path/Frameworks @loader_path/Frameworks";
				PRODUCT_NAME = "$(TARGET_NAME)";
				TEST_HOST = "$(BUILT_PRODUCTS_DIR)/Cat Years.app/Cat Years";
			};
			name = Release;
		};
/* End XCBuildConfiguration section */

/* Begin XCConfigurationList section */
		305ECE751A50442A0012DDCE /* Build configuration list for PBXProject "Cat Years" */ = {
			isa = XCConfigurationList;
			buildConfigurations = (
				305ECE971A50442A0012DDCE /* Debug */,
				305ECE981A50442A0012DDCE /* Release */,
			);
			defaultConfigurationIsVisible = 0;
			defaultConfigurationName = Release;
		};
		305ECE991A50442A0012DDCE /* Build configuration list for PBXNativeTarget "Cat Years" */ = {
			isa = XCConfigurationList;
			buildConfigurations = (
				305ECE9A1A50442A0012DDCE /* Debug */,
				305ECE9B1A50442A0012DDCE /* Release */,
			);
			defaultConfigurationIsVisible = 0;
		};
		305ECE9C1A50442A0012DDCE /* Build configuration list for PBXNativeTarget "Cat YearsTests" */ = {
			isa = XCConfigurationList;
			buildConfigurations = (
				305ECE9D1A50442A0012DDCE /* Debug */,
				305ECE9E1A50442A0012DDCE /* Release */,
			);
			defaultConfigurationIsVisible = 0;
		};
/* End XCConfigurationList section */
	};
	rootObject = 305ECE721A50442A0012DDCE /* Project object */;
}
